
Microsoft Visual Studio Solution File, Format Version 12.00
# Visual Studio 15
VisualStudioVersion = 15.0.26124.0
MinimumVisualStudioVersion = 15.0.26124.0
Project("{2150E333-8FDC-42A3-9474-1A3956D46DE8}") = "src", "src", "{035E160F-5389-4C39-9FD4-2EB06CB50604}"
EndProject
Project("{FAE04EC0-301F-11D3-BF4B-00C04F79EFBC}") = "RemembrallCommandsAPI", "src\RemembrallCommandsAPI\RemembrallCommandsAPI.csproj", "{2F0069A9-8115-469D-AE0F-910A2D571EBB}"
EndProject
Project("{2150E333-8FDC-42A3-9474-1A3956D46DE8}") = "test", "test", "{3BE7AD15-20C1-499B-8416-E89EF8189286}"
EndProject
Project("{FAE04EC0-301F-11D3-BF4B-00C04F79EFBC}") = "RemembrallCommandsAPI.Tests", "test\RemembrallCommandsAPI.Tests\RemembrallCommandsAPI.Tests.csproj", "{4E2E2D53-014F-455C-82B6-981A2EBB2756}"
EndProject
Global
	GlobalSection(SolutionConfigurationPlatforms) = preSolution
		Debug|Any CPU = Debug|Any CPU
		Debug|x64 = Debug|x64
		Debug|x86 = Debug|x86
		Release|Any CPU = Release|Any CPU
		Release|x64 = Release|x64
		Release|x86 = Release|x86
	EndGlobalSection
	GlobalSection(SolutionProperties) = preSolution
		HideSolutionNode = FALSE
	EndGlobalSection
	GlobalSection(ProjectConfigurationPlatforms) = postSolution
		{2F0069A9-8115-469D-AE0F-910A2D571EBB}.Debug|Any CPU.ActiveCfg = Debug|Any CPU
		{2F0069A9-8115-469D-AE0F-910A2D571EBB}.Debug|Any CPU.Build.0 = Debug|Any CPU
		{2F0069A9-8115-469D-AE0F-910A2D571EBB}.Debug|x64.ActiveCfg = Debug|Any CPU
		{2F0069A9-8115-469D-AE0F-910A2D571EBB}.Debug|x64.Build.0 = Debug|Any CPU
		{2F0069A9-8115-469D-AE0F-910A2D571EBB}.Debug|x86.ActiveCfg = Debug|Any CPU
		{2F0069A9-8115-469D-AE0F-910A2D571EBB}.Debug|x86.Build.0 = Debug|Any CPU
		{2F0069A9-8115-469D-AE0F-910A2D571EBB}.Release|Any CPU.ActiveCfg = Release|Any CPU
		{2F0069A9-8115-469D-AE0F-910A2D571EBB}.Release|Any CPU.Build.0 = Release|Any CPU
		{2F0069A9-8115-469D-AE0F-910A2D571EBB}.Release|x64.ActiveCfg = Release|Any CPU
		{2F0069A9-8115-469D-AE0F-910A2D571EBB}.Release|x64.Build.0 = Release|Any CPU
		{2F0069A9-8115-469D-AE0F-910A2D571EBB}.Release|x86.ActiveCfg = Release|Any CPU
		{2F0069A9-8115-469D-AE0F-910A2D571EBB}.Release|x86.Build.0 = Release|Any CPU
		{4E2E2D53-014F-455C-82B6-981A2EBB2756}.Debug|Any CPU.ActiveCfg = Debug|Any CPU
		{4E2E2D53-014F-455C-82B6-981A2EBB2756}.Debug|Any CPU.Build.0 = Debug|Any CPU
		{4E2E2D53-014F-455C-82B6-981A2EBB2756}.Debug|x64.ActiveCfg = Debug|Any CPU
		{4E2E2D53-014F-455C-82B6-981A2EBB2756}.Debug|x64.Build.0 = Debug|Any CPU
		{4E2E2D53-014F-455C-82B6-981A2EBB2756}.Debug|x86.ActiveCfg = Debug|Any CPU
		{4E2E2D53-014F-455C-82B6-981A2EBB2756}.Debug|x86.Build.0 = Debug|Any CPU
		{4E2E2D53-014F-455C-82B6-981A2EBB2756}.Release|Any CPU.ActiveCfg = Release|Any CPU
		{4E2E2D53-014F-455C-82B6-981A2EBB2756}.Release|Any CPU.Build.0 = Release|Any CPU
		{4E2E2D53-014F-455C-82B6-981A2EBB2756}.Release|x64.ActiveCfg = Release|Any CPU
		{4E2E2D53-014F-455C-82B6-981A2EBB2756}.Release|x64.Build.0 = Release|Any CPU
		{4E2E2D53-014F-455C-82B6-981A2EBB2756}.Release|x86.ActiveCfg = Release|Any CPU
		{4E2E2D53-014F-455C-82B6-981A2EBB2756}.Release|x86.Build.0 = Release|Any CPU
	EndGlobalSection
	GlobalSection(NestedProjects) = preSolution
		{2F0069A9-8115-469D-AE0F-910A2D571EBB} = {035E160F-5389-4C39-9FD4-2EB06CB50604}
		{4E2E2D53-014F-455C-82B6-981A2EBB2756} = {3BE7AD15-20C1-499B-8416-E89EF8189286}
	EndGlobalSection
EndGlobal
